
Microsoft Visual Studio Solution File, Format Version 12.00
# Visual Studio 15
VisualStudioVersion = 15.0.27130.2027
MinimumVisualStudioVersion = 10.0.40219.1
Project("{FAE04EC0-301F-11D3-BF4B-00C04F79EFBC}") = "OutcomeRemoveHediff", "OutcomeRemoveHediff\OutcomeRemoveHediff.csproj", "{EC2FFE63-5789-44DF-AB4E-1637A66D8555}"
EndProject
Project("{FAE04EC0-301F-11D3-BF4B-00C04F79EFBC}") = "CompExtraRecipeProducts", "ExtraRecipeProducts\CompExtraRecipeProducts.csproj", "{E5D40581-534F-4BA7-8D4C-0FBB763136AD}"
EndProject
Global
	GlobalSection(SolutionConfigurationPlatforms) = preSolution
		Debug|Any CPU = Debug|Any CPU
		Release|Any CPU = Release|Any CPU
	EndGlobalSection
	GlobalSection(ProjectConfigurationPlatforms) = postSolution
		{EC2FFE63-5789-44DF-AB4E-1637A66D8555}.Debug|Any CPU.ActiveCfg = Debug|Any CPU
		{EC2FFE63-5789-44DF-AB4E-1637A66D8555}.Debug|Any CPU.Build.0 = Debug|Any CPU
		{EC2FFE63-5789-44DF-AB4E-1637A66D8555}.Release|Any CPU.ActiveCfg = Release|Any CPU
		{EC2FFE63-5789-44DF-AB4E-1637A66D8555}.Release|Any CPU.Build.0 = Release|Any CPU
		{E5D40581-534F-4BA7-8D4C-0FBB763136AD}.Debug|Any CPU.ActiveCfg = Debug|Any CPU
		{E5D40581-534F-4BA7-8D4C-0FBB763136AD}.Debug|Any CPU.Build.0 = Debug|Any CPU
		{E5D40581-534F-4BA7-8D4C-0FBB763136AD}.Release|Any CPU.ActiveCfg = Release|Any CPU
		{E5D40581-534F-4BA7-8D4C-0FBB763136AD}.Release|Any CPU.Build.0 = Release|Any CPU
	EndGlobalSection
	GlobalSection(SolutionProperties) = preSolution
		HideSolutionNode = FALSE
	EndGlobalSection
	GlobalSection(ExtensibilityGlobals) = postSolution
		SolutionGuid = {8058A378-8CBC-4915-9FEC-B82F15E7D88C}
	EndGlobalSection
EndGlobal
